
Microsoft Visual Studio Solution File, Format Version 12.00
# Visual Studio Version 16
VisualStudioVersion = 16.0.29709.97
MinimumVisualStudioVersion = 10.0.40219.1
Project("{FAE04EC0-301F-11D3-BF4B-00C04F79EFBC}") = "Kasseapparat", "Kasseapparat\Kasseapparat.csproj", "{E99592D8-A773-4778-8046-0A63CE6E6F9F}"
EndProject
Global
	GlobalSection(SolutionConfigurationPlatforms) = preSolution
		Debug|Any CPU = Debug|Any CPU
		Release|Any CPU = Release|Any CPU
	EndGlobalSection
	GlobalSection(ProjectConfigurationPlatforms) = postSolution
		{E99592D8-A773-4778-8046-0A63CE6E6F9F}.Debug|Any CPU.ActiveCfg = Debug|Any CPU
		{E99592D8-A773-4778-8046-0A63CE6E6F9F}.Debug|Any CPU.Build.0 = Debug|Any CPU
		{E99592D8-A773-4778-8046-0A63CE6E6F9F}.Release|Any CPU.ActiveCfg = Release|Any CPU
		{E99592D8-A773-4778-8046-0A63CE6E6F9F}.Release|Any CPU.Build.0 = Release|Any CPU
	EndGlobalSection
	GlobalSection(SolutionProperties) = preSolution
		HideSolutionNode = FALSE
	EndGlobalSection
	GlobalSection(ExtensibilityGlobals) = postSolution
		SolutionGuid = {E55F9833-FA76-4A58-B60C-D7AAFB08D597}
	EndGlobalSection
EndGlobal
